// !$*UTF8*$!
{
  archiveVersion = 1;
  classes = {};
  objectVersion = 52;
  objects = {
    13B07F861A680F5B00A75B9A /* Project object */ = {
      isa = PBXProject;
      attributes = {
        LastUpgradeCheck = 1320;
        ORGANIZATIONNAME = "CHINA DEALS";
      };
      buildConfigurationList = 13B07F861A680F5B00A75B9F /* Build configuration list */;
      compatibilityVersion = "Xcode 12.0";
      developmentRegion = en;
      hasScannedForEncodings = 0;
      knownRegions = (
        en,
        Base,
      );
      mainGroup = 13B07F861A680F5B00A75B9B;
      productRefGroup = 13B07F861A680F5B00A75B9C /* Products */;
      projectDirPath = "";
      projectRoot = "";
      targets = (
        13B07F861A680F5B00A75B9E /* Runner */,
      );
    };
  };
  rootObject = 13B07F861A680F5B00A75B9A /* Project object */;
}